
Microsoft Visual Studio Solution File, Format Version 12.00
# Visual Studio Version 17
VisualStudioVersion = 17.2.32516.85
MinimumVisualStudioVersion = 10.0.40219.1
Project("{FAE04EC0-301F-11D3-BF4B-00C04F79EFBC}") = "Exercicio2", "Exercicio2\Exercicio2.csproj", "{C1B7FAB2-1F03-4BC5-A45C-D4CE0D0A8322}"
EndProject
Global
	GlobalSection(SolutionConfigurationPlatforms) = preSolution
		Debug|Any CPU = Debug|Any CPU
		Release|Any CPU = Release|Any CPU
	EndGlobalSection
	GlobalSection(ProjectConfigurationPlatforms) = postSolution
		{C1B7FAB2-1F03-4BC5-A45C-D4CE0D0A8322}.Debug|Any CPU.ActiveCfg = Debug|Any CPU
		{C1B7FAB2-1F03-4BC5-A45C-D4CE0D0A8322}.Debug|Any CPU.Build.0 = Debug|Any CPU
		{C1B7FAB2-1F03-4BC5-A45C-D4CE0D0A8322}.Release|Any CPU.ActiveCfg = Release|Any CPU
		{C1B7FAB2-1F03-4BC5-A45C-D4CE0D0A8322}.Release|Any CPU.Build.0 = Release|Any CPU
	EndGlobalSection
	GlobalSection(SolutionProperties) = preSolution
		HideSolutionNode = FALSE
	EndGlobalSection
	GlobalSection(ExtensibilityGlobals) = postSolution
		SolutionGuid = {E19D6333-E844-4374-A977-6A11C852489E}
	EndGlobalSection
EndGlobal
