
Microsoft Visual Studio Solution File, Format Version 12.00
# Visual Studio Version 17
VisualStudioVersion = 17.2.32516.85
MinimumVisualStudioVersion = 10.0.40219.1
Project("{FAE04EC0-301F-11D3-BF4B-00C04F79EFBC}") = "MatrizExercicio", "MatrizExercicio\MatrizExercicio.csproj", "{9024C00C-0152-4E7B-BC8D-A9FCE3F3E04D}"
EndProject
Global
	GlobalSection(SolutionConfigurationPlatforms) = preSolution
		Debug|Any CPU = Debug|Any CPU
		Release|Any CPU = Release|Any CPU
	EndGlobalSection
	GlobalSection(ProjectConfigurationPlatforms) = postSolution
		{9024C00C-0152-4E7B-BC8D-A9FCE3F3E04D}.Debug|Any CPU.ActiveCfg = Debug|Any CPU
		{9024C00C-0152-4E7B-BC8D-A9FCE3F3E04D}.Debug|Any CPU.Build.0 = Debug|Any CPU
		{9024C00C-0152-4E7B-BC8D-A9FCE3F3E04D}.Release|Any CPU.ActiveCfg = Release|Any CPU
		{9024C00C-0152-4E7B-BC8D-A9FCE3F3E04D}.Release|Any CPU.Build.0 = Release|Any CPU
	EndGlobalSection
	GlobalSection(SolutionProperties) = preSolution
		HideSolutionNode = FALSE
	EndGlobalSection
	GlobalSection(ExtensibilityGlobals) = postSolution
		SolutionGuid = {E9BF47C4-6DC1-43A5-984C-DF104C2BFD39}
	EndGlobalSection
EndGlobal
