
Microsoft Visual Studio Solution File, Format Version 12.00
# Visual Studio Version 17
VisualStudioVersion = 17.2.32516.85
MinimumVisualStudioVersion = 10.0.40219.1
Project("{FAE04EC0-301F-11D3-BF4B-00C04F79EFBC}") = "Emeração", "Emeração\Emeração.csproj", "{0B0E8EEC-09A1-4825-B770-9A5DDBF3F5C0}"
EndProject
Global
	GlobalSection(SolutionConfigurationPlatforms) = preSolution
		Debug|Any CPU = Debug|Any CPU
		Release|Any CPU = Release|Any CPU
	EndGlobalSection
	GlobalSection(ProjectConfigurationPlatforms) = postSolution
		{0B0E8EEC-09A1-4825-B770-9A5DDBF3F5C0}.Debug|Any CPU.ActiveCfg = Debug|Any CPU
		{0B0E8EEC-09A1-4825-B770-9A5DDBF3F5C0}.Debug|Any CPU.Build.0 = Debug|Any CPU
		{0B0E8EEC-09A1-4825-B770-9A5DDBF3F5C0}.Release|Any CPU.ActiveCfg = Release|Any CPU
		{0B0E8EEC-09A1-4825-B770-9A5DDBF3F5C0}.Release|Any CPU.Build.0 = Release|Any CPU
	EndGlobalSection
	GlobalSection(SolutionProperties) = preSolution
		HideSolutionNode = FALSE
	EndGlobalSection
	GlobalSection(ExtensibilityGlobals) = postSolution
		SolutionGuid = {C4D49C19-515F-43DA-AC38-CF279034B3B1}
	EndGlobalSection
EndGlobal
