
Microsoft Visual Studio Solution File, Format Version 12.00
# Visual Studio Version 16
VisualStudioVersion = 16.0.31605.320
MinimumVisualStudioVersion = 10.0.40219.1
Project("{FAE04EC0-301F-11D3-BF4B-00C04F79EFBC}") = "PooPerguntaeResposta", "PooPerguntaeResposta.csproj", "{786799F3-7AFF-4BEA-91DB-3C7CD818E28C}"
EndProject
Global
	GlobalSection(SolutionConfigurationPlatforms) = preSolution
		Debug|Any CPU = Debug|Any CPU
		Release|Any CPU = Release|Any CPU
	EndGlobalSection
	GlobalSection(ProjectConfigurationPlatforms) = postSolution
		{786799F3-7AFF-4BEA-91DB-3C7CD818E28C}.Debug|Any CPU.ActiveCfg = Debug|Any CPU
		{786799F3-7AFF-4BEA-91DB-3C7CD818E28C}.Debug|Any CPU.Build.0 = Debug|Any CPU
		{786799F3-7AFF-4BEA-91DB-3C7CD818E28C}.Release|Any CPU.ActiveCfg = Release|Any CPU
		{786799F3-7AFF-4BEA-91DB-3C7CD818E28C}.Release|Any CPU.Build.0 = Release|Any CPU
	EndGlobalSection
	GlobalSection(SolutionProperties) = preSolution
		HideSolutionNode = FALSE
	EndGlobalSection
	GlobalSection(ExtensibilityGlobals) = postSolution
		SolutionGuid = {C9C22590-31F6-4A07-972B-4E4A3A3049BA}
	EndGlobalSection
EndGlobal
