
Microsoft Visual Studio Solution File, Format Version 12.00
# Visual Studio Version 17
VisualStudioVersion = 17.2.32516.85
MinimumVisualStudioVersion = 10.0.40219.1
Project("{FAE04EC0-301F-11D3-BF4B-00C04F79EFBC}") = "Foreach", "Foreach\Foreach.csproj", "{D0189FBD-2778-4776-99EA-88DD7558E616}"
EndProject
Global
	GlobalSection(SolutionConfigurationPlatforms) = preSolution
		Debug|Any CPU = Debug|Any CPU
		Release|Any CPU = Release|Any CPU
	EndGlobalSection
	GlobalSection(ProjectConfigurationPlatforms) = postSolution
		{D0189FBD-2778-4776-99EA-88DD7558E616}.Debug|Any CPU.ActiveCfg = Debug|Any CPU
		{D0189FBD-2778-4776-99EA-88DD7558E616}.Debug|Any CPU.Build.0 = Debug|Any CPU
		{D0189FBD-2778-4776-99EA-88DD7558E616}.Release|Any CPU.ActiveCfg = Release|Any CPU
		{D0189FBD-2778-4776-99EA-88DD7558E616}.Release|Any CPU.Build.0 = Release|Any CPU
	EndGlobalSection
	GlobalSection(SolutionProperties) = preSolution
		HideSolutionNode = FALSE
	EndGlobalSection
	GlobalSection(ExtensibilityGlobals) = postSolution
		SolutionGuid = {BE317965-B41F-49E4-A534-1C153B0E4BDA}
	EndGlobalSection
EndGlobal
