
Microsoft Visual Studio Solution File, Format Version 12.00
# Visual Studio Version 16
VisualStudioVersion = 16.0.31605.320
MinimumVisualStudioVersion = 10.0.40219.1
Project("{FAE04EC0-301F-11D3-BF4B-00C04F79EFBC}") = "HelloWord", "HelloWord.csproj", "{B6BFBC35-F047-4A2B-AE7C-CB7AF1A6B552}"
EndProject
Global
	GlobalSection(SolutionConfigurationPlatforms) = preSolution
		Debug|Any CPU = Debug|Any CPU
		Release|Any CPU = Release|Any CPU
	EndGlobalSection
	GlobalSection(ProjectConfigurationPlatforms) = postSolution
		{B6BFBC35-F047-4A2B-AE7C-CB7AF1A6B552}.Debug|Any CPU.ActiveCfg = Debug|Any CPU
		{B6BFBC35-F047-4A2B-AE7C-CB7AF1A6B552}.Debug|Any CPU.Build.0 = Debug|Any CPU
		{B6BFBC35-F047-4A2B-AE7C-CB7AF1A6B552}.Release|Any CPU.ActiveCfg = Release|Any CPU
		{B6BFBC35-F047-4A2B-AE7C-CB7AF1A6B552}.Release|Any CPU.Build.0 = Release|Any CPU
	EndGlobalSection
	GlobalSection(SolutionProperties) = preSolution
		HideSolutionNode = FALSE
	EndGlobalSection
	GlobalSection(ExtensibilityGlobals) = postSolution
		SolutionGuid = {83DCE541-C375-48F6-BEA0-88D968E2E849}
	EndGlobalSection
EndGlobal
