
Microsoft Visual Studio Solution File, Format Version 12.00
# Visual Studio Version 17
VisualStudioVersion = 17.2.32516.85
MinimumVisualStudioVersion = 10.0.40219.1
Project("{FAE04EC0-301F-11D3-BF4B-00C04F79EFBC}") = "Lista", "Lista\Lista.csproj", "{D749D84A-FE13-4303-B110-338FCD7BD3CE}"
EndProject
Global
	GlobalSection(SolutionConfigurationPlatforms) = preSolution
		Debug|Any CPU = Debug|Any CPU
		Release|Any CPU = Release|Any CPU
	EndGlobalSection
	GlobalSection(ProjectConfigurationPlatforms) = postSolution
		{D749D84A-FE13-4303-B110-338FCD7BD3CE}.Debug|Any CPU.ActiveCfg = Debug|Any CPU
		{D749D84A-FE13-4303-B110-338FCD7BD3CE}.Debug|Any CPU.Build.0 = Debug|Any CPU
		{D749D84A-FE13-4303-B110-338FCD7BD3CE}.Release|Any CPU.ActiveCfg = Release|Any CPU
		{D749D84A-FE13-4303-B110-338FCD7BD3CE}.Release|Any CPU.Build.0 = Release|Any CPU
	EndGlobalSection
	GlobalSection(SolutionProperties) = preSolution
		HideSolutionNode = FALSE
	EndGlobalSection
	GlobalSection(ExtensibilityGlobals) = postSolution
		SolutionGuid = {BDA7A621-E4D7-4CB3-BD78-B6F55B64609D}
	EndGlobalSection
EndGlobal
