
Microsoft Visual Studio Solution File, Format Version 12.00
# Visual Studio Version 17
VisualStudioVersion = 17.2.32516.85
MinimumVisualStudioVersion = 10.0.40219.1
Project("{FAE04EC0-301F-11D3-BF4B-00C04F79EFBC}") = "TimeSpan", "TimeSpan\TimeSpan.csproj", "{32E70EFA-56A7-40F7-AD94-ABBB3BEF910E}"
EndProject
Global
	GlobalSection(SolutionConfigurationPlatforms) = preSolution
		Debug|Any CPU = Debug|Any CPU
		Release|Any CPU = Release|Any CPU
	EndGlobalSection
	GlobalSection(ProjectConfigurationPlatforms) = postSolution
		{32E70EFA-56A7-40F7-AD94-ABBB3BEF910E}.Debug|Any CPU.ActiveCfg = Debug|Any CPU
		{32E70EFA-56A7-40F7-AD94-ABBB3BEF910E}.Debug|Any CPU.Build.0 = Debug|Any CPU
		{32E70EFA-56A7-40F7-AD94-ABBB3BEF910E}.Release|Any CPU.ActiveCfg = Release|Any CPU
		{32E70EFA-56A7-40F7-AD94-ABBB3BEF910E}.Release|Any CPU.Build.0 = Release|Any CPU
	EndGlobalSection
	GlobalSection(SolutionProperties) = preSolution
		HideSolutionNode = FALSE
	EndGlobalSection
	GlobalSection(ExtensibilityGlobals) = postSolution
		SolutionGuid = {E8FFD18E-024E-44FC-BDF9-A6DF40BAC114}
	EndGlobalSection
EndGlobal
