
Microsoft Visual Studio Solution File, Format Version 12.00
# Visual Studio Version 17
VisualStudioVersion = 17.2.32516.85
MinimumVisualStudioVersion = 10.0.40219.1
Project("{FAE04EC0-301F-11D3-BF4B-00C04F79EFBC}") = "ExerciciosRet", "ExerciciosRet\ExerciciosRet.csproj", "{73101E9F-1343-4D8F-AE55-B1E36A598BC3}"
EndProject
Global
	GlobalSection(SolutionConfigurationPlatforms) = preSolution
		Debug|Any CPU = Debug|Any CPU
		Release|Any CPU = Release|Any CPU
	EndGlobalSection
	GlobalSection(ProjectConfigurationPlatforms) = postSolution
		{73101E9F-1343-4D8F-AE55-B1E36A598BC3}.Debug|Any CPU.ActiveCfg = Debug|Any CPU
		{73101E9F-1343-4D8F-AE55-B1E36A598BC3}.Debug|Any CPU.Build.0 = Debug|Any CPU
		{73101E9F-1343-4D8F-AE55-B1E36A598BC3}.Release|Any CPU.ActiveCfg = Release|Any CPU
		{73101E9F-1343-4D8F-AE55-B1E36A598BC3}.Release|Any CPU.Build.0 = Release|Any CPU
	EndGlobalSection
	GlobalSection(SolutionProperties) = preSolution
		HideSolutionNode = FALSE
	EndGlobalSection
	GlobalSection(ExtensibilityGlobals) = postSolution
		SolutionGuid = {2A12E9BC-7486-48F6-9062-D3AA2A8523F9}
	EndGlobalSection
EndGlobal
