
Microsoft Visual Studio Solution File, Format Version 12.00
# Visual Studio Version 16
VisualStudioVersion = 16.0.31605.320
MinimumVisualStudioVersion = 10.0.40219.1
Project("{FAE04EC0-301F-11D3-BF4B-00C04F79EFBC}") = "Crud", "Crud.csproj", "{C6B8F4FD-DCE2-4A9D-B360-06A666A880B0}"
EndProject
Global
	GlobalSection(SolutionConfigurationPlatforms) = preSolution
		Debug|Any CPU = Debug|Any CPU
		Release|Any CPU = Release|Any CPU
	EndGlobalSection
	GlobalSection(ProjectConfigurationPlatforms) = postSolution
		{C6B8F4FD-DCE2-4A9D-B360-06A666A880B0}.Debug|Any CPU.ActiveCfg = Debug|Any CPU
		{C6B8F4FD-DCE2-4A9D-B360-06A666A880B0}.Debug|Any CPU.Build.0 = Debug|Any CPU
		{C6B8F4FD-DCE2-4A9D-B360-06A666A880B0}.Release|Any CPU.ActiveCfg = Release|Any CPU
		{C6B8F4FD-DCE2-4A9D-B360-06A666A880B0}.Release|Any CPU.Build.0 = Release|Any CPU
	EndGlobalSection
	GlobalSection(SolutionProperties) = preSolution
		HideSolutionNode = FALSE
	EndGlobalSection
	GlobalSection(ExtensibilityGlobals) = postSolution
		SolutionGuid = {B7B61AEC-E198-4E94-9BB5-54E5D157D5B2}
	EndGlobalSection
EndGlobal
