
Microsoft Visual Studio Solution File, Format Version 12.00
# Visual Studio Version 16
VisualStudioVersion = 16.0.31605.320
MinimumVisualStudioVersion = 10.0.40219.1
Project("{FAE04EC0-301F-11D3-BF4B-00C04F79EFBC}") = "Converções", "Converções.csproj", "{93E1E1C2-69B5-45C4-B642-7ACBF14EA0C6}"
EndProject
Global
	GlobalSection(SolutionConfigurationPlatforms) = preSolution
		Debug|Any CPU = Debug|Any CPU
		Release|Any CPU = Release|Any CPU
	EndGlobalSection
	GlobalSection(ProjectConfigurationPlatforms) = postSolution
		{93E1E1C2-69B5-45C4-B642-7ACBF14EA0C6}.Debug|Any CPU.ActiveCfg = Debug|Any CPU
		{93E1E1C2-69B5-45C4-B642-7ACBF14EA0C6}.Debug|Any CPU.Build.0 = Debug|Any CPU
		{93E1E1C2-69B5-45C4-B642-7ACBF14EA0C6}.Release|Any CPU.ActiveCfg = Release|Any CPU
		{93E1E1C2-69B5-45C4-B642-7ACBF14EA0C6}.Release|Any CPU.Build.0 = Release|Any CPU
	EndGlobalSection
	GlobalSection(SolutionProperties) = preSolution
		HideSolutionNode = FALSE
	EndGlobalSection
	GlobalSection(ExtensibilityGlobals) = postSolution
		SolutionGuid = {573682A4-C58A-4C7A-96C9-FC8A32E8C700}
	EndGlobalSection
EndGlobal
