
Microsoft Visual Studio Solution File, Format Version 12.00
# Visual Studio Version 16
VisualStudioVersion = 16.0.31605.320
MinimumVisualStudioVersion = 10.0.40219.1
Project("{FAE04EC0-301F-11D3-BF4B-00C04F79EFBC}") = "NewJogo", "NewJogo.csproj", "{191DE518-28A7-4A76-81C7-363E1E6F3237}"
EndProject
Global
	GlobalSection(SolutionConfigurationPlatforms) = preSolution
		Debug|Any CPU = Debug|Any CPU
		Release|Any CPU = Release|Any CPU
	EndGlobalSection
	GlobalSection(ProjectConfigurationPlatforms) = postSolution
		{191DE518-28A7-4A76-81C7-363E1E6F3237}.Debug|Any CPU.ActiveCfg = Debug|Any CPU
		{191DE518-28A7-4A76-81C7-363E1E6F3237}.Debug|Any CPU.Build.0 = Debug|Any CPU
		{191DE518-28A7-4A76-81C7-363E1E6F3237}.Release|Any CPU.ActiveCfg = Release|Any CPU
		{191DE518-28A7-4A76-81C7-363E1E6F3237}.Release|Any CPU.Build.0 = Release|Any CPU
	EndGlobalSection
	GlobalSection(SolutionProperties) = preSolution
		HideSolutionNode = FALSE
	EndGlobalSection
	GlobalSection(ExtensibilityGlobals) = postSolution
		SolutionGuid = {4D5E00B3-3A7D-4A22-AA3F-ADACD3DBCD2C}
	EndGlobalSection
EndGlobal
